
Microsoft Visual Studio Solution File, Format Version 12.00
# Visual Studio 14
VisualStudioVersion = 14.0.25420.1
MinimumVisualStudioVersion = 10.0.40219.1
Project("{FAE04EC0-301F-11D3-BF4B-00C04F79EFBC}") = "WindowsFormsApplication1", "WindowsFormsApplication1\WindowsFormsApplication1.csproj", "{3CE36D0C-CE56-4984-9BAB-832218E81C53}"
EndProject
Project("{FAE04EC0-301F-11D3-BF4B-00C04F79EFBC}") = "ConsoleApplication1", "ConsoleApplication1\ConsoleApplication1.csproj", "{42725C1D-18F7-4016-AE76-9A6FA8AB090E}"
EndProject
Global
	GlobalSection(SolutionConfigurationPlatforms) = preSolution
		Debug|Any CPU = Debug|Any CPU
		Release|Any CPU = Release|Any CPU
	EndGlobalSection
	GlobalSection(ProjectConfigurationPlatforms) = postSolution
		{3CE36D0C-CE56-4984-9BAB-832218E81C53}.Debug|Any CPU.ActiveCfg = Debug|Any CPU
		{3CE36D0C-CE56-4984-9BAB-832218E81C53}.Debug|Any CPU.Build.0 = Debug|Any CPU
		{3CE36D0C-CE56-4984-9BAB-832218E81C53}.Release|Any CPU.ActiveCfg = Release|Any CPU
		{3CE36D0C-CE56-4984-9BAB-832218E81C53}.Release|Any CPU.Build.0 = Release|Any CPU
		{42725C1D-18F7-4016-AE76-9A6FA8AB090E}.Debug|Any CPU.ActiveCfg = Debug|Any CPU
		{42725C1D-18F7-4016-AE76-9A6FA8AB090E}.Debug|Any CPU.Build.0 = Debug|Any CPU
		{42725C1D-18F7-4016-AE76-9A6FA8AB090E}.Release|Any CPU.ActiveCfg = Release|Any CPU
		{42725C1D-18F7-4016-AE76-9A6FA8AB090E}.Release|Any CPU.Build.0 = Release|Any CPU
	EndGlobalSection
	GlobalSection(SolutionProperties) = preSolution
		HideSolutionNode = FALSE
	EndGlobalSection
EndGlobal
